
Microsoft Visual Studio Solution File, Format Version 12.00
# Visual Studio Version 17
VisualStudioVersion = 17.14.37012.4 d17.14
MinimumVisualStudioVersion = 10.0.40219.1
Project("{FAE04EC0-301F-11D3-BF4B-00C04F79EFBC}") = "TheBlunatic's Lore Printer 9000", "TheBlunatic's Lore Printer 9000\TheBlunatic's Lore Printer 9000.csproj", "{DBB17EDC-0DA9-4A97-A88D-BF1CBB26D1EB}"
EndProject
Global
	GlobalSection(SolutionConfigurationPlatforms) = preSolution
		Debug|Any CPU = Debug|Any CPU
		Release|Any CPU = Release|Any CPU
	EndGlobalSection
	GlobalSection(ProjectConfigurationPlatforms) = postSolution
		{DBB17EDC-0DA9-4A97-A88D-BF1CBB26D1EB}.Debug|Any CPU.ActiveCfg = Debug|Any CPU
		{DBB17EDC-0DA9-4A97-A88D-BF1CBB26D1EB}.Debug|Any CPU.Build.0 = Debug|Any CPU
		{DBB17EDC-0DA9-4A97-A88D-BF1CBB26D1EB}.Release|Any CPU.ActiveCfg = Release|Any CPU
		{DBB17EDC-0DA9-4A97-A88D-BF1CBB26D1EB}.Release|Any CPU.Build.0 = Release|Any CPU
	EndGlobalSection
	GlobalSection(SolutionProperties) = preSolution
		HideSolutionNode = FALSE
	EndGlobalSection
	GlobalSection(ExtensibilityGlobals) = postSolution
		SolutionGuid = {24532B82-AE11-41AD-8990-E0B1FF30B650}
	EndGlobalSection
EndGlobal
